
Microsoft Visual Studio Solution File, Format Version 12.00
# Visual Studio Version 16
VisualStudioVersion = 16.0.34407.143
MinimumVisualStudioVersion = 10.0.40219.1
Project("{803FD0C6-D64E-4E16-9DC3-1DAEC859A3D2}") = "i2c_C_slave", "i2c_C_slave.vgdbproj", "{80955C21-353D-4A71-ACA8-0BD5C02B6809}"
EndProject
Global
	GlobalSection(SolutionConfigurationPlatforms) = preSolution
		Debug|VisualGDB = Debug|VisualGDB
		Release|VisualGDB = Release|VisualGDB
		Tests (Debug)|VisualGDB = Tests (Debug)|VisualGDB
		Tests (Release)|VisualGDB = Tests (Release)|VisualGDB
	EndGlobalSection
	GlobalSection(ProjectConfigurationPlatforms) = postSolution
		{80955C21-353D-4A71-ACA8-0BD5C02B6809}.Debug|VisualGDB.ActiveCfg = Debug|VisualGDB
		{80955C21-353D-4A71-ACA8-0BD5C02B6809}.Debug|VisualGDB.Build.0 = Debug|VisualGDB
		{80955C21-353D-4A71-ACA8-0BD5C02B6809}.Release|VisualGDB.ActiveCfg = Release|VisualGDB
		{80955C21-353D-4A71-ACA8-0BD5C02B6809}.Release|VisualGDB.Build.0 = Release|VisualGDB
		{80955C21-353D-4A71-ACA8-0BD5C02B6809}.Tests (Debug)|VisualGDB.ActiveCfg = Tests (Debug)|VisualGDB
		{80955C21-353D-4A71-ACA8-0BD5C02B6809}.Tests (Debug)|VisualGDB.Build.0 = Tests (Debug)|VisualGDB
		{80955C21-353D-4A71-ACA8-0BD5C02B6809}.Tests (Release)|VisualGDB.ActiveCfg = Tests (Release)|VisualGDB
		{80955C21-353D-4A71-ACA8-0BD5C02B6809}.Tests (Release)|VisualGDB.Build.0 = Tests (Release)|VisualGDB
	EndGlobalSection
	GlobalSection(SolutionProperties) = preSolution
		HideSolutionNode = FALSE
	EndGlobalSection
	GlobalSection(ExtensibilityGlobals) = postSolution
		SolutionGuid = {DD2DC8A5-41D3-4F18-ADEF-35D5F5A0AAFF}
	EndGlobalSection
EndGlobal
