
Microsoft Visual Studio Solution File, Format Version 12.00
# Visual Studio Version 16
VisualStudioVersion = 16.0.34407.143
MinimumVisualStudioVersion = 10.0.40219.1
Project("{803FD0C6-D64E-4E16-9DC3-1DAEC859A3D2}") = "i2c_master_CPP", "i2c_master_CPP.vgdbproj", "{253DA744-6663-4023-9A3F-1E6E910B3A1D}"
EndProject
Global
	GlobalSection(SolutionConfigurationPlatforms) = preSolution
		Debug|VisualGDB = Debug|VisualGDB
		Release|VisualGDB = Release|VisualGDB
		Tests (Debug)|VisualGDB = Tests (Debug)|VisualGDB
		Tests (Release)|VisualGDB = Tests (Release)|VisualGDB
	EndGlobalSection
	GlobalSection(ProjectConfigurationPlatforms) = postSolution
		{253DA744-6663-4023-9A3F-1E6E910B3A1D}.Debug|VisualGDB.ActiveCfg = Debug|VisualGDB
		{253DA744-6663-4023-9A3F-1E6E910B3A1D}.Debug|VisualGDB.Build.0 = Debug|VisualGDB
		{253DA744-6663-4023-9A3F-1E6E910B3A1D}.Release|VisualGDB.ActiveCfg = Release|VisualGDB
		{253DA744-6663-4023-9A3F-1E6E910B3A1D}.Release|VisualGDB.Build.0 = Release|VisualGDB
		{253DA744-6663-4023-9A3F-1E6E910B3A1D}.Tests (Debug)|VisualGDB.ActiveCfg = Tests (Debug)|VisualGDB
		{253DA744-6663-4023-9A3F-1E6E910B3A1D}.Tests (Debug)|VisualGDB.Build.0 = Tests (Debug)|VisualGDB
		{253DA744-6663-4023-9A3F-1E6E910B3A1D}.Tests (Release)|VisualGDB.ActiveCfg = Tests (Release)|VisualGDB
		{253DA744-6663-4023-9A3F-1E6E910B3A1D}.Tests (Release)|VisualGDB.Build.0 = Tests (Release)|VisualGDB
	EndGlobalSection
	GlobalSection(SolutionProperties) = preSolution
		HideSolutionNode = FALSE
	EndGlobalSection
	GlobalSection(ExtensibilityGlobals) = postSolution
		SolutionGuid = {52E8FE01-0917-4106-8994-6BC48F5DBAB5}
	EndGlobalSection
EndGlobal
