dependencies:
  cmd_nvs:
    component_hash: null
    source:
      path: C:\SysGCC\esp32\esp-idf\v5.2\examples\system\console\advanced\components\cmd_nvs
      type: local
    version: '*'
  cmd_system:
    component_hash: null
    source:
      path: C:\SysGCC\esp32\esp-idf\v5.2\examples\system\console\advanced\components\cmd_system
      type: local
    version: '*'
  cmd_wifi:
    component_hash: null
    source:
      path: C:\SysGCC\esp32\esp-idf\v5.2\examples\system\console\advanced\components\cmd_wifi
      type: local
    version: '*'
  idf:
    component_hash: null
    source:
      type: idf
    version: 5.2.1
manifest_hash: 2244593f848fd19c44a95a6a43919c3b79770dee4122d8d1b7cb6ec5377a9f60
target: esp32
version: 1.0.0
