
Microsoft Visual Studio Solution File, Format Version 12.00
# Visual Studio Version 16
VisualStudioVersion = 16.0.34407.143
MinimumVisualStudioVersion = 10.0.40219.1
Project("{803FD0C6-D64E-4E16-9DC3-1DAEC859A3D2}") = "i2c_tool", "i2c_tool.vgdbproj", "{CDF47CB8-C60F-449D-AC7B-EBDC7AC7D803}"
EndProject
Global
	GlobalSection(SolutionConfigurationPlatforms) = preSolution
		Debug|VisualGDB = Debug|VisualGDB
		Release|VisualGDB = Release|VisualGDB
		Tests (Debug)|VisualGDB = Tests (Debug)|VisualGDB
		Tests (Release)|VisualGDB = Tests (Release)|VisualGDB
	EndGlobalSection
	GlobalSection(ProjectConfigurationPlatforms) = postSolution
		{CDF47CB8-C60F-449D-AC7B-EBDC7AC7D803}.Debug|VisualGDB.ActiveCfg = Debug|VisualGDB
		{CDF47CB8-C60F-449D-AC7B-EBDC7AC7D803}.Debug|VisualGDB.Build.0 = Debug|VisualGDB
		{CDF47CB8-C60F-449D-AC7B-EBDC7AC7D803}.Release|VisualGDB.ActiveCfg = Release|VisualGDB
		{CDF47CB8-C60F-449D-AC7B-EBDC7AC7D803}.Release|VisualGDB.Build.0 = Release|VisualGDB
		{CDF47CB8-C60F-449D-AC7B-EBDC7AC7D803}.Tests (Debug)|VisualGDB.ActiveCfg = Tests (Debug)|VisualGDB
		{CDF47CB8-C60F-449D-AC7B-EBDC7AC7D803}.Tests (Debug)|VisualGDB.Build.0 = Tests (Debug)|VisualGDB
		{CDF47CB8-C60F-449D-AC7B-EBDC7AC7D803}.Tests (Release)|VisualGDB.ActiveCfg = Tests (Release)|VisualGDB
		{CDF47CB8-C60F-449D-AC7B-EBDC7AC7D803}.Tests (Release)|VisualGDB.Build.0 = Tests (Release)|VisualGDB
	EndGlobalSection
	GlobalSection(SolutionProperties) = preSolution
		HideSolutionNode = FALSE
	EndGlobalSection
	GlobalSection(ExtensibilityGlobals) = postSolution
		SolutionGuid = {2F682D80-B865-45D2-A851-A22B318FE0C8}
	EndGlobalSection
EndGlobal
