
Microsoft Visual Studio Solution File, Format Version 12.00
# Visual Studio Version 16
VisualStudioVersion = 16.0.34407.143
MinimumVisualStudioVersion = 10.0.40219.1
Project("{803FD0C6-D64E-4E16-9DC3-1DAEC859A3D2}") = "EmbeddedProject1", "EmbeddedProject1.vgdbproj", "{67128447-68BE-4C00-B223-FFE04ADFE637}"
EndProject
Global
	GlobalSection(SolutionConfigurationPlatforms) = preSolution
		Debug|VisualGDB = Debug|VisualGDB
		Release|VisualGDB = Release|VisualGDB
		Tests (Debug)|VisualGDB = Tests (Debug)|VisualGDB
		Tests (Release)|VisualGDB = Tests (Release)|VisualGDB
	EndGlobalSection
	GlobalSection(ProjectConfigurationPlatforms) = postSolution
		{67128447-68BE-4C00-B223-FFE04ADFE637}.Debug|VisualGDB.ActiveCfg = Debug|VisualGDB
		{67128447-68BE-4C00-B223-FFE04ADFE637}.Debug|VisualGDB.Build.0 = Debug|VisualGDB
		{67128447-68BE-4C00-B223-FFE04ADFE637}.Release|VisualGDB.ActiveCfg = Release|VisualGDB
		{67128447-68BE-4C00-B223-FFE04ADFE637}.Release|VisualGDB.Build.0 = Release|VisualGDB
		{67128447-68BE-4C00-B223-FFE04ADFE637}.Tests (Debug)|VisualGDB.ActiveCfg = Tests (Debug)|VisualGDB
		{67128447-68BE-4C00-B223-FFE04ADFE637}.Tests (Debug)|VisualGDB.Build.0 = Tests (Debug)|VisualGDB
		{67128447-68BE-4C00-B223-FFE04ADFE637}.Tests (Release)|VisualGDB.ActiveCfg = Tests (Release)|VisualGDB
		{67128447-68BE-4C00-B223-FFE04ADFE637}.Tests (Release)|VisualGDB.Build.0 = Tests (Release)|VisualGDB
	EndGlobalSection
	GlobalSection(SolutionProperties) = preSolution
		HideSolutionNode = FALSE
	EndGlobalSection
	GlobalSection(ExtensibilityGlobals) = postSolution
		SolutionGuid = {BDB8DEAA-EBA9-4EA5-9D46-609852AA8A36}
	EndGlobalSection
EndGlobal
