
Microsoft Visual Studio Solution File, Format Version 12.00
# Visual Studio Version 16
VisualStudioVersion = 16.0.34407.143
MinimumVisualStudioVersion = 10.0.40219.1
Project("{803FD0C6-D64E-4E16-9DC3-1DAEC859A3D2}") = "i2c_selftest", "i2c_selftest.vgdbproj", "{EA3A5475-6625-4E46-B2E5-95983204C353}"
EndProject
Global
	GlobalSection(SolutionConfigurationPlatforms) = preSolution
		Debug|VisualGDB = Debug|VisualGDB
		Release|VisualGDB = Release|VisualGDB
		Tests (Debug)|VisualGDB = Tests (Debug)|VisualGDB
		Tests (Release)|VisualGDB = Tests (Release)|VisualGDB
	EndGlobalSection
	GlobalSection(ProjectConfigurationPlatforms) = postSolution
		{EA3A5475-6625-4E46-B2E5-95983204C353}.Debug|VisualGDB.ActiveCfg = Debug|VisualGDB
		{EA3A5475-6625-4E46-B2E5-95983204C353}.Debug|VisualGDB.Build.0 = Debug|VisualGDB
		{EA3A5475-6625-4E46-B2E5-95983204C353}.Release|VisualGDB.ActiveCfg = Release|VisualGDB
		{EA3A5475-6625-4E46-B2E5-95983204C353}.Release|VisualGDB.Build.0 = Release|VisualGDB
		{EA3A5475-6625-4E46-B2E5-95983204C353}.Tests (Debug)|VisualGDB.ActiveCfg = Tests (Debug)|VisualGDB
		{EA3A5475-6625-4E46-B2E5-95983204C353}.Tests (Debug)|VisualGDB.Build.0 = Tests (Debug)|VisualGDB
		{EA3A5475-6625-4E46-B2E5-95983204C353}.Tests (Release)|VisualGDB.ActiveCfg = Tests (Release)|VisualGDB
		{EA3A5475-6625-4E46-B2E5-95983204C353}.Tests (Release)|VisualGDB.Build.0 = Tests (Release)|VisualGDB
	EndGlobalSection
	GlobalSection(SolutionProperties) = preSolution
		HideSolutionNode = FALSE
	EndGlobalSection
	GlobalSection(ExtensibilityGlobals) = postSolution
		SolutionGuid = {CD5BEB6A-47D9-463A-9B47-1A4AF20DD807}
	EndGlobalSection
EndGlobal
