
Microsoft Visual Studio Solution File, Format Version 12.00
# Visual Studio Version 16
VisualStudioVersion = 16.0.34407.143
MinimumVisualStudioVersion = 10.0.40219.1
Project("{803FD0C6-D64E-4E16-9DC3-1DAEC859A3D2}") = "i2c_slave", "i2c_slave.vgdbproj", "{04A2AFAA-228F-4F4A-9A29-291B27984D9D}"
EndProject
Global
	GlobalSection(SolutionConfigurationPlatforms) = preSolution
		Debug|VisualGDB = Debug|VisualGDB
		Release|VisualGDB = Release|VisualGDB
		Tests (Debug)|VisualGDB = Tests (Debug)|VisualGDB
		Tests (Release)|VisualGDB = Tests (Release)|VisualGDB
	EndGlobalSection
	GlobalSection(ProjectConfigurationPlatforms) = postSolution
		{04A2AFAA-228F-4F4A-9A29-291B27984D9D}.Debug|VisualGDB.ActiveCfg = Debug|VisualGDB
		{04A2AFAA-228F-4F4A-9A29-291B27984D9D}.Debug|VisualGDB.Build.0 = Debug|VisualGDB
		{04A2AFAA-228F-4F4A-9A29-291B27984D9D}.Release|VisualGDB.ActiveCfg = Release|VisualGDB
		{04A2AFAA-228F-4F4A-9A29-291B27984D9D}.Release|VisualGDB.Build.0 = Release|VisualGDB
		{04A2AFAA-228F-4F4A-9A29-291B27984D9D}.Tests (Debug)|VisualGDB.ActiveCfg = Tests (Debug)|VisualGDB
		{04A2AFAA-228F-4F4A-9A29-291B27984D9D}.Tests (Debug)|VisualGDB.Build.0 = Tests (Debug)|VisualGDB
		{04A2AFAA-228F-4F4A-9A29-291B27984D9D}.Tests (Release)|VisualGDB.ActiveCfg = Tests (Release)|VisualGDB
		{04A2AFAA-228F-4F4A-9A29-291B27984D9D}.Tests (Release)|VisualGDB.Build.0 = Tests (Release)|VisualGDB
	EndGlobalSection
	GlobalSection(SolutionProperties) = preSolution
		HideSolutionNode = FALSE
	EndGlobalSection
	GlobalSection(ExtensibilityGlobals) = postSolution
		SolutionGuid = {00F1B816-1F0D-4724-B11A-ECAEB0AAC173}
	EndGlobalSection
EndGlobal
