
Microsoft Visual Studio Solution File, Format Version 12.00
# Visual Studio Version 17
VisualStudioVersion = 17.10.35013.160
MinimumVisualStudioVersion = 10.0.40219.1
Project("{803FD0C6-D64E-4E16-9DC3-1DAEC859A3D2}") = "i2c_ping_pong", "i2c_ping_pong.vgdbproj", "{DD87D5AF-E412-4B51-AD0B-F03FED231A97}"
EndProject
Global
	GlobalSection(SolutionConfigurationPlatforms) = preSolution
		Debug|VisualGDB = Debug|VisualGDB
		Release|VisualGDB = Release|VisualGDB
		Tests (Debug)|VisualGDB = Tests (Debug)|VisualGDB
		Tests (Release)|VisualGDB = Tests (Release)|VisualGDB
	EndGlobalSection
	GlobalSection(ProjectConfigurationPlatforms) = postSolution
		{DD87D5AF-E412-4B51-AD0B-F03FED231A97}.Debug|VisualGDB.ActiveCfg = Debug|VisualGDB
		{DD87D5AF-E412-4B51-AD0B-F03FED231A97}.Debug|VisualGDB.Build.0 = Debug|VisualGDB
		{DD87D5AF-E412-4B51-AD0B-F03FED231A97}.Release|VisualGDB.ActiveCfg = Release|VisualGDB
		{DD87D5AF-E412-4B51-AD0B-F03FED231A97}.Release|VisualGDB.Build.0 = Release|VisualGDB
		{DD87D5AF-E412-4B51-AD0B-F03FED231A97}.Tests (Debug)|VisualGDB.ActiveCfg = Tests (Debug)|VisualGDB
		{DD87D5AF-E412-4B51-AD0B-F03FED231A97}.Tests (Debug)|VisualGDB.Build.0 = Tests (Debug)|VisualGDB
		{DD87D5AF-E412-4B51-AD0B-F03FED231A97}.Tests (Release)|VisualGDB.ActiveCfg = Tests (Release)|VisualGDB
		{DD87D5AF-E412-4B51-AD0B-F03FED231A97}.Tests (Release)|VisualGDB.Build.0 = Tests (Release)|VisualGDB
	EndGlobalSection
	GlobalSection(SolutionProperties) = preSolution
		HideSolutionNode = FALSE
	EndGlobalSection
	GlobalSection(ExtensibilityGlobals) = postSolution
		SolutionGuid = {7841CD2C-04C1-4E6B-AA00-4AFE8B0C8470}
	EndGlobalSection
EndGlobal
