
Microsoft Visual Studio Solution File, Format Version 12.00
# Visual Studio Version 16
VisualStudioVersion = 16.0.34902.97
MinimumVisualStudioVersion = 10.0.40219.1
Project("{803FD0C6-D64E-4E16-9DC3-1DAEC859A3D2}") = "i2c_CPP", "i2c_CPP.vgdbproj", "{CC742F65-8F25-4C63-89BA-F2305147AAB2}"
EndProject
Global
	GlobalSection(SolutionConfigurationPlatforms) = preSolution
		Debug|VisualGDB = Debug|VisualGDB
		Release|VisualGDB = Release|VisualGDB
		Tests (Debug)|VisualGDB = Tests (Debug)|VisualGDB
		Tests (Release)|VisualGDB = Tests (Release)|VisualGDB
	EndGlobalSection
	GlobalSection(ProjectConfigurationPlatforms) = postSolution
		{CC742F65-8F25-4C63-89BA-F2305147AAB2}.Debug|VisualGDB.ActiveCfg = Debug|VisualGDB
		{CC742F65-8F25-4C63-89BA-F2305147AAB2}.Debug|VisualGDB.Build.0 = Debug|VisualGDB
		{CC742F65-8F25-4C63-89BA-F2305147AAB2}.Release|VisualGDB.ActiveCfg = Release|VisualGDB
		{CC742F65-8F25-4C63-89BA-F2305147AAB2}.Release|VisualGDB.Build.0 = Release|VisualGDB
		{CC742F65-8F25-4C63-89BA-F2305147AAB2}.Tests (Debug)|VisualGDB.ActiveCfg = Tests (Debug)|VisualGDB
		{CC742F65-8F25-4C63-89BA-F2305147AAB2}.Tests (Debug)|VisualGDB.Build.0 = Tests (Debug)|VisualGDB
		{CC742F65-8F25-4C63-89BA-F2305147AAB2}.Tests (Release)|VisualGDB.ActiveCfg = Tests (Release)|VisualGDB
		{CC742F65-8F25-4C63-89BA-F2305147AAB2}.Tests (Release)|VisualGDB.Build.0 = Tests (Release)|VisualGDB
	EndGlobalSection
	GlobalSection(SolutionProperties) = preSolution
		HideSolutionNode = FALSE
	EndGlobalSection
	GlobalSection(ExtensibilityGlobals) = postSolution
		SolutionGuid = {DAC2AB66-83C7-4CA5-AD92-4A7B1E3EBA67}
	EndGlobalSection
EndGlobal
