
Microsoft Visual Studio Solution File, Format Version 12.00
# Visual Studio Version 16
VisualStudioVersion = 16.0.34407.143
MinimumVisualStudioVersion = 10.0.40219.1
Project("{803FD0C6-D64E-4E16-9DC3-1DAEC859A3D2}") = "BTstackMOD", "BTstackMOD.vgdbproj", "{F4B20DEB-C88A-4F52-9470-A818EF17AD62}"
EndProject
Global
	GlobalSection(SolutionConfigurationPlatforms) = preSolution
		Debug|VisualGDB = Debug|VisualGDB
		Release|VisualGDB = Release|VisualGDB
		Tests (Debug)|VisualGDB = Tests (Debug)|VisualGDB
		Tests (Release)|VisualGDB = Tests (Release)|VisualGDB
	EndGlobalSection
	GlobalSection(ProjectConfigurationPlatforms) = postSolution
		{F4B20DEB-C88A-4F52-9470-A818EF17AD62}.Debug|VisualGDB.ActiveCfg = Debug|VisualGDB
		{F4B20DEB-C88A-4F52-9470-A818EF17AD62}.Debug|VisualGDB.Build.0 = Debug|VisualGDB
		{F4B20DEB-C88A-4F52-9470-A818EF17AD62}.Release|VisualGDB.ActiveCfg = Release|VisualGDB
		{F4B20DEB-C88A-4F52-9470-A818EF17AD62}.Release|VisualGDB.Build.0 = Release|VisualGDB
		{F4B20DEB-C88A-4F52-9470-A818EF17AD62}.Tests (Debug)|VisualGDB.ActiveCfg = Tests (Debug)|VisualGDB
		{F4B20DEB-C88A-4F52-9470-A818EF17AD62}.Tests (Debug)|VisualGDB.Build.0 = Tests (Debug)|VisualGDB
		{F4B20DEB-C88A-4F52-9470-A818EF17AD62}.Tests (Release)|VisualGDB.ActiveCfg = Tests (Release)|VisualGDB
		{F4B20DEB-C88A-4F52-9470-A818EF17AD62}.Tests (Release)|VisualGDB.Build.0 = Tests (Release)|VisualGDB
	EndGlobalSection
	GlobalSection(SolutionProperties) = preSolution
		HideSolutionNode = FALSE
	EndGlobalSection
	GlobalSection(ExtensibilityGlobals) = postSolution
		SolutionGuid = {033A7467-2EC9-48EE-9D23-3E495DA5F2F2}
	EndGlobalSection
EndGlobal
